
Microsoft Visual Studio Solution File, Format Version 12.00
# Visual Studio Version 17
VisualStudioVersion = 17.9.34728.123
MinimumVisualStudioVersion = 10.0.40219.1
Project("{FAE04EC0-301F-11D3-BF4B-00C04F79EFBC}") = "cadastro", "cadastro.csproj", "{E3685BEB-D1D0-48D1-8B99-70CD9C0AF11E}"
EndProject
Global
	GlobalSection(SolutionConfigurationPlatforms) = preSolution
		Debug|Any CPU = Debug|Any CPU
		Release|Any CPU = Release|Any CPU
	EndGlobalSection
	GlobalSection(ProjectConfigurationPlatforms) = postSolution
		{E3685BEB-D1D0-48D1-8B99-70CD9C0AF11E}.Debug|Any CPU.ActiveCfg = Debug|Any CPU
		{E3685BEB-D1D0-48D1-8B99-70CD9C0AF11E}.Debug|Any CPU.Build.0 = Debug|Any CPU
		{E3685BEB-D1D0-48D1-8B99-70CD9C0AF11E}.Release|Any CPU.ActiveCfg = Release|Any CPU
		{E3685BEB-D1D0-48D1-8B99-70CD9C0AF11E}.Release|Any CPU.Build.0 = Release|Any CPU
	EndGlobalSection
	GlobalSection(SolutionProperties) = preSolution
		HideSolutionNode = FALSE
	EndGlobalSection
	GlobalSection(ExtensibilityGlobals) = postSolution
		SolutionGuid = {0BF28669-51E2-4985-A46E-143F6258E70C}
	EndGlobalSection
EndGlobal
